# THIS IS AN AUTOGENERATED FILE. DO NOT EDIT THIS FILE DIRECTLY.
# yarn lockfile v1


tailwind-merge@^3.3.1:
  version "3.3.1"
  resolved "https://registry.yarnpkg.com/tailwind-merge/-/tailwind-merge-3.3.1.tgz#a7e7db7c714f6020319e626ecfb7e7dac8393a4b"
  integrity sha512-gBXpgUm/3rp1lMZZrM/w7D8GKqshif0zAymAhbCyIt8KMe+0v9DQ7cdYLR4FHH/cKpdTXb+A/tKKU3eolfsI+g==
